
Microsoft Visual Studio Solution File, Format Version 12.00
# Visual Studio Version 17
VisualStudioVersion = 17.14.36202.13 d17.14
MinimumVisualStudioVersion = 10.0.40219.1
Project("{FAE04EC0-301F-11D3-BF4B-00C04F79EFBC}") = "SOS Alert App", "SOS Alert App.csproj", "{54F3BEC9-5639-4386-B15C-D6EF18CE65E4}"
EndProject
Global
	GlobalSection(SolutionConfigurationPlatforms) = preSolution
		Debug|Any CPU = Debug|Any CPU
		Release|Any CPU = Release|Any CPU
	EndGlobalSection
	GlobalSection(ProjectConfigurationPlatforms) = postSolution
		{54F3BEC9-5639-4386-B15C-D6EF18CE65E4}.Debug|Any CPU.ActiveCfg = Debug|Any CPU
		{54F3BEC9-5639-4386-B15C-D6EF18CE65E4}.Debug|Any CPU.Build.0 = Debug|Any CPU
		{54F3BEC9-5639-4386-B15C-D6EF18CE65E4}.Release|Any CPU.ActiveCfg = Release|Any CPU
		{54F3BEC9-5639-4386-B15C-D6EF18CE65E4}.Release|Any CPU.Build.0 = Release|Any CPU
	EndGlobalSection
	GlobalSection(SolutionProperties) = preSolution
		HideSolutionNode = FALSE
	EndGlobalSection
	GlobalSection(ExtensibilityGlobals) = postSolution
		SolutionGuid = {FB576A9F-428A-4F45-8AD4-933EC28E553F}
	EndGlobalSection
EndGlobal
